// !$*UTF8*$!
{
	archiveVersion = 1;
	classes = {
	};
	objectVersion = 46;
	objects = {

/* Begin PBXBuildFile section */
		7B00CC1CE9F78E929E54D0BA /* Pods_Yimek.framework in Frameworks */ = {isa = PBXBuildFile; fileRef = 42A1EA6700B0F8BF59EE3BF1 /* Pods_Yimek.framework */; };
		BF0884F91EB9100F00F4116D /* Profile.swift in Sources */ = {isa = PBXBuildFile; fileRef = BF0884F81EB9100F00F4116D /* Profile.swift */; };
		BF5DAB9E1EB900D400937662 /* Alamofire.framework in Frameworks */ = {isa = PBXBuildFile; fileRef = BF5DAB9D1EB900D400937662 /* Alamofire.framework */; };
		BF5DAB9F1EB9019600937662 /* SwiftyJSON.framework in Frameworks */ = {isa = PBXBuildFile; fileRef = BF5DAB9B1EB900C300937662 /* SwiftyJSON.framework */; };
		BF69BA441EBA0B730051B7B3 /* SepetViewController.swift in Sources */ = {isa = PBXBuildFile; fileRef = BF69BA431EBA0B730051B7B3 /* SepetViewController.swift */; };
		BF74744A1EBA4FAF00137973 /* RecipeViewController.swift in Sources */ = {isa = PBXBuildFile; fileRef = BF7474491EBA4FAF00137973 /* RecipeViewController.swift */; };
		BFAA46C31EB6861E0075F657 /* AppDelegate.swift in Sources */ = {isa = PBXBuildFile; fileRef = BFAA46C21EB6861E0075F657 /* AppDelegate.swift */; };
		BFAA46C51EB6861E0075F657 /* ViewController.swift in Sources */ = {isa = PBXBuildFile; fileRef = BFAA46C41EB6861E0075F657 /* ViewController.swift */; };
		BFAA46C81EB6861E0075F657 /* Main.storyboard in Resources */ = {isa = PBXBuildFile; fileRef = BFAA46C61EB6861E0075F657 /* Main.storyboard */; };
		BFAA46CA1EB6861E0075F657 /* Assets.xcassets in Resources */ = {isa = PBXBuildFile; fileRef = BFAA46C91EB6861E0075F657 /* Assets.xcassets */; };
		BFAA46CD1EB6861E0075F657 /* LaunchScreen.storyboard in Resources */ = {isa = PBXBuildFile; fileRef = BFAA46CB1EB6861E0075F657 /* LaunchScreen.storyboard */; };
		BFAA46D81EB6861E0075F657 /* YimekTests.swift in Sources */ = {isa = PBXBuildFile; fileRef = BFAA46D71EB6861E0075F657 /* YimekTests.swift */; };
		BFAA46E31EB6890E0075F657 /* login_background.jpg in Resources */ = {isa = PBXBuildFile; fileRef = BFAA46E21EB6890E0075F657 /* login_background.jpg */; };
		BFAA46E51EB689170075F657 /* yimek_logo.png in Resources */ = {isa = PBXBuildFile; fileRef = BFAA46E41EB689170075F657 /* yimek_logo.png */; };
		BFAA46E71EB68A090075F657 /* login_screen.png in Resources */ = {isa = PBXBuildFile; fileRef = BFAA46E61EB68A090075F657 /* login_screen.png */; };
		BFAA46ED1EB7B62A0075F657 /* TableViewCell.swift in Sources */ = {isa = PBXBuildFile; fileRef = BFAA46EC1EB7B62A0075F657 /* TableViewCell.swift */; };
		BFAA46EF1EB7EA330075F657 /* Search.swift in Sources */ = {isa = PBXBuildFile; fileRef = BFAA46EE1EB7EA330075F657 /* Search.swift */; };
		BFAA46F11EB8B1F30075F657 /* man.png in Resources */ = {isa = PBXBuildFile; fileRef = BFAA46F01EB8B1F30075F657 /* man.png */; };
		BFAA46F31EB8B2410075F657 /* cooking-utensil.png in Resources */ = {isa = PBXBuildFile; fileRef = BFAA46F21EB8B2410075F657 /* cooking-utensil.png */; };
		BFAA46F51EB8B2640075F657 /* search.png in Resources */ = {isa = PBXBuildFile; fileRef = BFAA46F41EB8B2640075F657 /* search.png */; };
		BFAA46F71EB8B6F50075F657 /* register.swift in Sources */ = {isa = PBXBuildFile; fileRef = BFAA46F61EB8B6F50075F657 /* register.swift */; };
/* End PBXBuildFile section */

/* Begin PBXContainerItemProxy section */
		BFAA46D41EB6861E0075F657 /* PBXContainerItemProxy */ = {
			isa = PBXContainerItemProxy;
			containerPortal = BFAA46B71EB6861E0075F657 /* Project object */;
			proxyType = 1;
			remoteGlobalIDString = BFAA46BE1EB6861E0075F657;
			remoteInfo = Yimek;
		};
/* End PBXContainerItemProxy section */

/* Begin PBXFileReference section */
		42A1EA6700B0F8BF59EE3BF1 /* Pods_Yimek.framework */ = {isa = PBXFileReference; explicitFileType = wrapper.framework; includeInIndex = 0; path = Pods_Yimek.framework; sourceTree = BUILT_PRODUCTS_DIR; };
		42B24DCF5F5C01FB88E2C6DC /* Pods-Yimek.release.xcconfig */ = {isa = PBXFileReference; includeInIndex = 1; lastKnownFileType = text.xcconfig; name = "Pods-Yimek.release.xcconfig"; path = "Pods/Target Support Files/Pods-Yimek/Pods-Yimek.release.xcconfig"; sourceTree = "<group>"; };
		BF0884F81EB9100F00F4116D /* Profile.swift */ = {isa = PBXFileReference; fileEncoding = 4; lastKnownFileType = sourcecode.swift; path = Profile.swift; sourceTree = "<group>"; };
		BF5DAB9B1EB900C300937662 /* SwiftyJSON.framework */ = {isa = PBXFileReference; lastKnownFileType = wrapper.framework; name = SwiftyJSON.framework; path = "../../../Library/Developer/Xcode/DerivedData/Yimek-eiavfeqktrbbjqcnggmaojtjkown/Build/Products/Debug-iphonesimulator/SwiftyJSON/SwiftyJSON.framework"; sourceTree = "<group>"; };
		BF5DAB9D1EB900D400937662 /* Alamofire.framework */ = {isa = PBXFileReference; lastKnownFileType = wrapper.framework; name = Alamofire.framework; path = "../../../Library/Developer/Xcode/DerivedData/Yimek-eiavfeqktrbbjqcnggmaojtjkown/Build/Products/Debug-iphonesimulator/Alamofire/Alamofire.framework"; sourceTree = "<group>"; };
		BF69BA431EBA0B730051B7B3 /* SepetViewController.swift */ = {isa = PBXFileReference; fileEncoding = 4; lastKnownFileType = sourcecode.swift; path = SepetViewController.swift; sourceTree = "<group>"; };
		BF7474491EBA4FAF00137973 /* RecipeViewController.swift */ = {isa = PBXFileReference; fileEncoding = 4; lastKnownFileType = sourcecode.swift; path = RecipeViewController.swift; sourceTree = "<group>"; };
		BFAA46BF1EB6861E0075F657 /* Yimek.app */ = {isa = PBXFileReference; explicitFileType = wrapper.application; includeInIndex = 0; path = Yimek.app; sourceTree = BUILT_PRODUCTS_DIR; };
		BFAA46C21EB6861E0075F657 /* AppDelegate.swift */ = {isa = PBXFileReference; lastKnownFileType = sourcecode.swift; path = AppDelegate.swift; sourceTree = "<group>"; };
		BFAA46C41EB6861E0075F657 /* ViewController.swift */ = {isa = PBXFileReference; lastKnownFileType = sourcecode.swift; path = ViewController.swift; sourceTree = "<group>"; };
		BFAA46C71EB6861E0075F657 /* Base */ = {isa = PBXFileReference; lastKnownFileType = file.storyboard; name = Base; path = Base.lproj/Main.storyboard; sourceTree = "<group>"; };
		BFAA46C91EB6861E0075F657 /* Assets.xcassets */ = {isa = PBXFileReference; lastKnownFileType = folder.assetcatalog; path = Assets.xcassets; sourceTree = "<group>"; };
		BFAA46CC1EB6861E0075F657 /* Base */ = {isa = PBXFileReference; lastKnownFileType = file.storyboard; name = Base; path = Base.lproj/LaunchScreen.storyboard; sourceTree = "<group>"; };
		BFAA46CE1EB6861E0075F657 /* Info.plist */ = {isa = PBXFileReference; lastKnownFileType = text.plist.xml; path = Info.plist; sourceTree = "<group>"; };
		BFAA46D31EB6861E0075F657 /* YimekTests.xctest */ = {isa = PBXFileReference; explicitFileType = wrapper.cfbundle; includeInIndex = 0; path = YimekTests.xctest; sourceTree = BUILT_PRODUCTS_DIR; };
		BFAA46D71EB6861E0075F657 /* YimekTests.swift */ = {isa = PBXFileReference; lastKnownFileType = sourcecode.swift; path = YimekTests.swift; sourceTree = "<group>"; };
		BFAA46D91EB6861E0075F657 /* Info.plist */ = {isa = PBXFileReference; lastKnownFileType = text.plist.xml; path = Info.plist; sourceTree = "<group>"; };
		BFAA46E21EB6890E0075F657 /* login_background.jpg */ = {isa = PBXFileReference; lastKnownFileType = image.jpeg; path = login_background.jpg; sourceTree = "<group>"; };
		BFAA46E41EB689170075F657 /* yimek_logo.png */ = {isa = PBXFileReference; lastKnownFileType = image.png; path = yimek_logo.png; sourceTree = "<group>"; };
		BFAA46E61EB68A090075F657 /* login_screen.png */ = {isa = PBXFileReference; lastKnownFileType = image.png; path = login_screen.png; sourceTree = "<group>"; };
		BFAA46EC1EB7B62A0075F657 /* TableViewCell.swift */ = {isa = PBXFileReference; fileEncoding = 4; lastKnownFileType = sourcecode.swift; path = TableViewCell.swift; sourceTree = "<group>"; };
		BFAA46EE1EB7EA330075F657 /* Search.swift */ = {isa = PBXFileReference; fileEncoding = 4; lastKnownFileType = sourcecode.swift; path = Search.swift; sourceTree = "<group>"; };
		BFAA46F01EB8B1F30075F657 /* man.png */ = {isa = PBXFileReference; lastKnownFileType = image.png; path = man.png; sourceTree = "<group>"; };
		BFAA46F21EB8B2410075F657 /* cooking-utensil.png */ = {isa = PBXFileReference; lastKnownFileType = image.png; path = "cooking-utensil.png"; sourceTree = "<group>"; };
		BFAA46F41EB8B2640075F657 /* search.png */ = {isa = PBXFileReference; lastKnownFileType = image.png; path = search.png; sourceTree = "<group>"; };
		BFAA46F61EB8B6F50075F657 /* register.swift */ = {isa = PBXFileReference; fileEncoding = 4; lastKnownFileType = sourcecode.swift; path = register.swift; sourceTree = "<group>"; };
		C60A2D6E4EE66C1027576249 /* Pods-Yimek.debug.xcconfig */ = {isa = PBXFileReference; includeInIndex = 1; lastKnownFileType = text.xcconfig; name = "Pods-Yimek.debug.xcconfig"; path = "Pods/Target Support Files/Pods-Yimek/Pods-Yimek.debug.xcconfig"; sourceTree = "<group>"; };
/* End PBXFileReference section */

/* Begin PBXFrameworksBuildPhase section */
		BFAA46BC1EB6861E0075F657 /* Frameworks */ = {
			isa = PBXFrameworksBuildPhase;
			buildActionMask = 2147483647;
			files = (
				BF5DAB9F1EB9019600937662 /* SwiftyJSON.framework in Frameworks */,
				BF5DAB9E1EB900D400937662 /* Alamofire.framework in Frameworks */,
				7B00CC1CE9F78E929E54D0BA /* Pods_Yimek.framework in Frameworks */,
			);
			runOnlyForDeploymentPostprocessing = 0;
		};
		BFAA46D01EB6861E0075F657 /* Frameworks */ = {
			isa = PBXFrameworksBuildPhase;
			buildActionMask = 2147483647;
			files = (
			);
			runOnlyForDeploymentPostprocessing = 0;
		};
/* End PBXFrameworksBuildPhase section */

/* Begin PBXGroup section */
		BFAA46B61EB6861E0075F657 = {
			isa = PBXGroup;
			children = (
				BFAA46C11EB6861E0075F657 /* Yimek */,
				BFAA46D61EB6861E0075F657 /* YimekTests */,
				BFAA46C01EB6861E0075F657 /* Products */,
				F6029749BC9663CB3A2C5E1B /* Pods */,
				CC5E213B7D21ACD76643AE04 /* Frameworks */,
			);
			sourceTree = "<group>";
		};
		BFAA46C01EB6861E0075F657 /* Products */ = {
			isa = PBXGroup;
			children = (
				BFAA46BF1EB6861E0075F657 /* Yimek.app */,
				BFAA46D31EB6861E0075F657 /* YimekTests.xctest */,
			);
			name = Products;
			sourceTree = "<group>";
		};
		BFAA46C11EB6861E0075F657 /* Yimek */ = {
			isa = PBXGroup;
			children = (
				BFAA46C21EB6861E0075F657 /* AppDelegate.swift */,
				BFE8D6251FC8777E00499C66 /* ViewContrellers */,
				BFE8D6261FC877C600499C66 /* Views */,
				BFE8D6271FC877D600499C66 /* Images */,
				BFAA46C61EB6861E0075F657 /* Main.storyboard */,
				BFAA46C91EB6861E0075F657 /* Assets.xcassets */,
				BFAA46CB1EB6861E0075F657 /* LaunchScreen.storyboard */,
				BFAA46CE1EB6861E0075F657 /* Info.plist */,
			);
			path = Yimek;
			sourceTree = "<group>";
		};
		BFAA46D61EB6861E0075F657 /* YimekTests */ = {
			isa = PBXGroup;
			children = (
				BFAA46D71EB6861E0075F657 /* YimekTests.swift */,
				BFAA46D91EB6861E0075F657 /* Info.plist */,
			);
			path = YimekTests;
			sourceTree = "<group>";
		};
		BFE8D6251FC8777E00499C66 /* ViewContrellers */ = {
			isa = PBXGroup;
			children = (
				BFAA46C41EB6861E0075F657 /* ViewController.swift */,
				BF7474491EBA4FAF00137973 /* RecipeViewController.swift */,
				BF69BA431EBA0B730051B7B3 /* SepetViewController.swift */,
			);
			path = ViewContrellers;
			sourceTree = "<group>";
		};
		BFE8D6261FC877C600499C66 /* Views */ = {
			isa = PBXGroup;
			children = (
				BFAA46EE1EB7EA330075F657 /* Search.swift */,
				BFAA46EC1EB7B62A0075F657 /* TableViewCell.swift */,
				BF0884F81EB9100F00F4116D /* Profile.swift */,
				BFAA46F61EB8B6F50075F657 /* register.swift */,
			);
			path = Views;
			sourceTree = "<group>";
		};
		BFE8D6271FC877D600499C66 /* Images */ = {
			isa = PBXGroup;
			children = (
				BFAA46F01EB8B1F30075F657 /* man.png */,
				BFAA46F21EB8B2410075F657 /* cooking-utensil.png */,
				BFAA46F41EB8B2640075F657 /* search.png */,
				BFAA46E61EB68A090075F657 /* login_screen.png */,
				BFAA46E41EB689170075F657 /* yimek_logo.png */,
				BFAA46E21EB6890E0075F657 /* login_background.jpg */,
			);
			path = Images;
			sourceTree = "<group>";
		};
		CC5E213B7D21ACD76643AE04 /* Frameworks */ = {
			isa = PBXGroup;
			children = (
				BF5DAB9D1EB900D400937662 /* Alamofire.framework */,
				BF5DAB9B1EB900C300937662 /* SwiftyJSON.framework */,
				42A1EA6700B0F8BF59EE3BF1 /* Pods_Yimek.framework */,
			);
			name = Frameworks;
			sourceTree = "<group>";
		};
		F6029749BC9663CB3A2C5E1B /* Pods */ = {
			isa = PBXGroup;
			children = (
				C60A2D6E4EE66C1027576249 /* Pods-Yimek.debug.xcconfig */,
				42B24DCF5F5C01FB88E2C6DC /* Pods-Yimek.release.xcconfig */,
			);
			name = Pods;
			sourceTree = "<group>";
		};
/* End PBXGroup section */

/* Begin PBXNativeTarget section */
		BFAA46BE1EB6861E0075F657 /* Yimek */ = {
			isa = PBXNativeTarget;
			buildConfigurationList = BFAA46DC1EB6861E0075F657 /* Build configuration list for PBXNativeTarget "Yimek" */;
			buildPhases = (
				4C7548E13BC3B93D4E9218F6 /* [CP] Check Pods Manifest.lock */,
				BFAA46BB1EB6861E0075F657 /* Sources */,
				BFAA46BC1EB6861E0075F657 /* Frameworks */,
				BFAA46BD1EB6861E0075F657 /* Resources */,
				356F4301892B984B288C41D9 /* [CP] Embed Pods Frameworks */,
				73EE51FD0BDBD778E7CD9376 /* [CP] Copy Pods Resources */,
			);
			buildRules = (
			);
			dependencies = (
			);
			name = Yimek;
			productName = Yimek;
			productReference = BFAA46BF1EB6861E0075F657 /* Yimek.app */;
			productType = "com.apple.product-type.application";
		};
		BFAA46D21EB6861E0075F657 /* YimekTests */ = {
			isa = PBXNativeTarget;
			buildConfigurationList = BFAA46DF1EB6861E0075F657 /* Build configuration list for PBXNativeTarget "YimekTests" */;
			buildPhases = (
				BFAA46CF1EB6861E0075F657 /* Sources */,
				BFAA46D01EB6861E0075F657 /* Frameworks */,
				BFAA46D11EB6861E0075F657 /* Resources */,
			);
			buildRules = (
			);
			dependencies = (
				BFAA46D51EB6861E0075F657 /* PBXTargetDependency */,
			);
			name = YimekTests;
			productName = YimekTests;
			productReference = BFAA46D31EB6861E0075F657 /* YimekTests.xctest */;
			productType = "com.apple.product-type.bundle.unit-test";
		};
/* End PBXNativeTarget section */

/* Begin PBXProject section */
		BFAA46B71EB6861E0075F657 /* Project object */ = {
			isa = PBXProject;
			attributes = {
				LastSwiftUpdateCheck = 0830;
				LastUpgradeCheck = 0910;
				ORGANIZATIONNAME = KamilDemirtas;
				TargetAttributes = {
					BFAA46BE1EB6861E0075F657 = {
						CreatedOnToolsVersion = 8.3;
						DevelopmentTeam = AYR49RPHLW;
						ProvisioningStyle = Automatic;
					};
					BFAA46D21EB6861E0075F657 = {
						CreatedOnToolsVersion = 8.3;
						DevelopmentTeam = AYR49RPHLW;
						ProvisioningStyle = Automatic;
						TestTargetID = BFAA46BE1EB6861E0075F657;
					};
				};
			};
			buildConfigurationList = BFAA46BA1EB6861E0075F657 /* Build configuration list for PBXProject "Yimek" */;
			compatibilityVersion = "Xcode 3.2";
			developmentRegion = English;
			hasScannedForEncodings = 0;
			knownRegions = (
				en,
				Base,
			);
			mainGroup = BFAA46B61EB6861E0075F657;
			productRefGroup = BFAA46C01EB6861E0075F657 /* Products */;
			projectDirPath = "";
			projectRoot = "";
			targets = (
				BFAA46BE1EB6861E0075F657 /* Yimek */,
				BFAA46D21EB6861E0075F657 /* YimekTests */,
			);
		};
/* End PBXProject section */

/* Begin PBXResourcesBuildPhase section */
		BFAA46BD1EB6861E0075F657 /* Resources */ = {
			isa = PBXResourcesBuildPhase;
			buildActionMask = 2147483647;
			files = (
				BFAA46CD1EB6861E0075F657 /* LaunchScreen.storyboard in Resources */,
				BFAA46F51EB8B2640075F657 /* search.png in Resources */,
				BFAA46F31EB8B2410075F657 /* cooking-utensil.png in Resources */,
				BFAA46E51EB689170075F657 /* yimek_logo.png in Resources */,
				BFAA46CA1EB6861E0075F657 /* Assets.xcassets in Resources */,
				BFAA46E71EB68A090075F657 /* login_screen.png in Resources */,
				BFAA46C81EB6861E0075F657 /* Main.storyboard in Resources */,
				BFAA46E31EB6890E0075F657 /* login_background.jpg in Resources */,
				BFAA46F11EB8B1F30075F657 /* man.png in Resources */,
			);
			runOnlyForDeploymentPostprocessing = 0;
		};
		BFAA46D11EB6861E0075F657 /* Resources */ = {
			isa = PBXResourcesBuildPhase;
			buildActionMask = 2147483647;
			files = (
			);
			runOnlyForDeploymentPostprocessing = 0;
		};
/* End PBXResourcesBuildPhase section */

/* Begin PBXShellScriptBuildPhase section */
		356F4301892B984B288C41D9 /* [CP] Embed Pods Frameworks */ = {
			isa = PBXShellScriptBuildPhase;
			buildActionMask = 2147483647;
			files = (
			);
			inputPaths = (
			);
			name = "[CP] Embed Pods Frameworks";
			outputPaths = (
			);
			runOnlyForDeploymentPostprocessing = 0;
			shellPath = /bin/sh;
			shellScript = "\"${SRCROOT}/Pods/Target Support Files/Pods-Yimek/Pods-Yimek-frameworks.sh\"\n";
			showEnvVarsInLog = 0;
		};
		4C7548E13BC3B93D4E9218F6 /* [CP] Check Pods Manifest.lock */ = {
			isa = PBXShellScriptBuildPhase;
			buildActionMask = 2147483647;
			files = (
			);
			inputPaths = (
			);
			name = "[CP] Check Pods Manifest.lock";
			outputPaths = (
			);
			runOnlyForDeploymentPostprocessing = 0;
			shellPath = /bin/sh;
			shellScript = "diff \"${PODS_PODFILE_DIR_PATH}/Podfile.lock\" \"${PODS_ROOT}/Manifest.lock\" > /dev/null\nif [ $? != 0 ] ; then\n    # print error to STDERR\n    echo \"error: The sandbox is not in sync with the Podfile.lock. Run 'pod install' or update your CocoaPods installation.\" >&2\n    exit 1\nfi\n";
			showEnvVarsInLog = 0;
		};
		73EE51FD0BDBD778E7CD9376 /* [CP] Copy Pods Resources */ = {
			isa = PBXShellScriptBuildPhase;
			buildActionMask = 2147483647;
			files = (
			);
			inputPaths = (
			);
			name = "[CP] Copy Pods Resources";
			outputPaths = (
			);
			runOnlyForDeploymentPostprocessing = 0;
			shellPath = /bin/sh;
			shellScript = "\"${SRCROOT}/Pods/Target Support Files/Pods-Yimek/Pods-Yimek-resources.sh\"\n";
			showEnvVarsInLog = 0;
		};
/* End PBXShellScriptBuildPhase section */

/* Begin PBXSourcesBuildPhase section */
		BFAA46BB1EB6861E0075F657 /* Sources */ = {
			isa = PBXSourcesBuildPhase;
			buildActionMask = 2147483647;
			files = (
				BFAA46ED1EB7B62A0075F657 /* TableViewCell.swift in Sources */,
				BF0884F91EB9100F00F4116D /* Profile.swift in Sources */,
				BFAA46EF1EB7EA330075F657 /* Search.swift in Sources */,
				BFAA46C51EB6861E0075F657 /* ViewController.swift in Sources */,
				BF74744A1EBA4FAF00137973 /* RecipeViewController.swift in Sources */,
				BF69BA441EBA0B730051B7B3 /* SepetViewController.swift in Sources */,
				BFAA46C31EB6861E0075F657 /* AppDelegate.swift in Sources */,
				BFAA46F71EB8B6F50075F657 /* register.swift in Sources */,
			);
			runOnlyForDeploymentPostprocessing = 0;
		};
		BFAA46CF1EB6861E0075F657 /* Sources */ = {
			isa = PBXSourcesBuildPhase;
			buildActionMask = 2147483647;
			files = (
				BFAA46D81EB6861E0075F657 /* YimekTests.swift in Sources */,
			);
			runOnlyForDeploymentPostprocessing = 0;
		};
/* End PBXSourcesBuildPhase section */

/* Begin PBXTargetDependency section */
		BFAA46D51EB6861E0075F657 /* PBXTargetDependency */ = {
			isa = PBXTargetDependency;
			target = BFAA46BE1EB6861E0075F657 /* Yimek */;
			targetProxy = BFAA46D41EB6861E0075F657 /* PBXContainerItemProxy */;
		};
/* End PBXTargetDependency section */

/* Begin PBXVariantGroup section */
		BFAA46C61EB6861E0075F657 /* Main.storyboard */ = {
			isa = PBXVariantGroup;
			children = (
				BFAA46C71EB6861E0075F657 /* Base */,
			);
			name = Main.storyboard;
			sourceTree = "<group>";
		};
		BFAA46CB1EB6861E0075F657 /* LaunchScreen.storyboard */ = {
			isa = PBXVariantGroup;
			children = (
				BFAA46CC1EB6861E0075F657 /* Base */,
			);
			name = LaunchScreen.storyboard;
			sourceTree = "<group>";
		};
/* End PBXVariantGroup section */

/* Begin XCBuildConfiguration section */
		BFAA46DA1EB6861E0075F657 /* Debug */ = {
			isa = XCBuildConfiguration;
			buildSettings = {
				ALWAYS_SEARCH_USER_PATHS = NO;
				CLANG_ANALYZER_NONNULL = YES;
				CLANG_ANALYZER_NUMBER_OBJECT_CONVERSION = YES_AGGRESSIVE;
				CLANG_CXX_LANGUAGE_STANDARD = "gnu++0x";
				CLANG_CXX_LIBRARY = "libc++";
				CLANG_ENABLE_MODULES = YES;
				CLANG_ENABLE_OBJC_ARC = YES;
				CLANG_WARN_BLOCK_CAPTURE_AUTORELEASING = YES;
				CLANG_WARN_BOOL_CONVERSION = YES;
				CLANG_WARN_COMMA = YES;
				CLANG_WARN_CONSTANT_CONVERSION = YES;
				CLANG_WARN_DIRECT_OBJC_ISA_USAGE = YES_ERROR;
				CLANG_WARN_DOCUMENTATION_COMMENTS = YES;
				CLANG_WARN_EMPTY_BODY = YES;
				CLANG_WARN_ENUM_CONVERSION = YES;
				CLANG_WARN_INFINITE_RECURSION = YES;
				CLANG_WARN_INT_CONVERSION = YES;
				CLANG_WARN_NON_LITERAL_NULL_CONVERSION = YES;
				CLANG_WARN_OBJC_LITERAL_CONVERSION = YES;
				CLANG_WARN_OBJC_ROOT_CLASS = YES_ERROR;
				CLANG_WARN_RANGE_LOOP_ANALYSIS = YES;
				CLANG_WARN_STRICT_PROTOTYPES = YES;
				CLANG_WARN_SUSPICIOUS_MOVE = YES;
				CLANG_WARN_UNREACHABLE_CODE = YES;
				CLANG_WARN__DUPLICATE_METHOD_MATCH = YES;
				"CODE_SIGN_IDENTITY[sdk=iphoneos*]" = "iPhone Developer";
				COPY_PHASE_STRIP = NO;
				DEBUG_INFORMATION_FORMAT = dwarf;
				ENABLE_STRICT_OBJC_MSGSEND = YES;
				ENABLE_TESTABILITY = YES;
				GCC_C_LANGUAGE_STANDARD = gnu99;
				GCC_DYNAMIC_NO_PIC = NO;
				GCC_NO_COMMON_BLOCKS = YES;
				GCC_OPTIMIZATION_LEVEL = 0;
				GCC_PREPROCESSOR_DEFINITIONS = (
					"DEBUG=1",
					"$(inherited)",
				);
				GCC_WARN_64_TO_32_BIT_CONVERSION = YES;
				GCC_WARN_ABOUT_RETURN_TYPE = YES_ERROR;
				GCC_WARN_UNDECLARED_SELECTOR = YES;
				GCC_WARN_UNINITIALIZED_AUTOS = YES_AGGRESSIVE;
				GCC_WARN_UNUSED_FUNCTION = YES;
				GCC_WARN_UNUSED_VARIABLE = YES;
				IPHONEOS_DEPLOYMENT_TARGET = 10.3;
				MTL_ENABLE_DEBUG_INFO = YES;
				ONLY_ACTIVE_ARCH = YES;
				SDKROOT = iphoneos;
				SWIFT_ACTIVE_COMPILATION_CONDITIONS = DEBUG;
				SWIFT_OPTIMIZATION_LEVEL = "-Onone";
				TARGETED_DEVICE_FAMILY = "1,2";
			};
			name = Debug;
		};
		BFAA46DB1EB6861E0075F657 /* Release */ = {
			isa = XCBuildConfiguration;
			buildSettings = {
				ALWAYS_SEARCH_USER_PATHS = NO;
				CLANG_ANALYZER_NONNULL = YES;
				CLANG_ANALYZER_NUMBER_OBJECT_CONVERSION = YES_AGGRESSIVE;
				CLANG_CXX_LANGUAGE_STANDARD = "gnu++0x";
				CLANG_CXX_LIBRARY = "libc++";
				CLANG_ENABLE_MODULES = YES;
				CLANG_ENABLE_OBJC_ARC = YES;
				CLANG_WARN_BLOCK_CAPTURE_AUTORELEASING = YES;
				CLANG_WARN_BOOL_CONVERSION = YES;
				CLANG_WARN_COMMA = YES;
				CLANG_WARN_CONSTANT_CONVERSION = YES;
				CLANG_WARN_DIRECT_OBJC_ISA_USAGE = YES_ERROR;
				CLANG_WARN_DOCUMENTATION_COMMENTS = YES;
				CLANG_WARN_EMPTY_BODY = YES;
				CLANG_WARN_ENUM_CONVERSION = YES;
				CLANG_WARN_INFINITE_RECURSION = YES;
				CLANG_WARN_INT_CONVERSION = YES;
				CLANG_WARN_NON_LITERAL_NULL_CONVERSION = YES;
				CLANG_WARN_OBJC_LITERAL_CONVERSION = YES;
				CLANG_WARN_OBJC_ROOT_CLASS = YES_ERROR;
				CLANG_WARN_RANGE_LOOP_ANALYSIS = YES;
				CLANG_WARN_STRICT_PROTOTYPES = YES;
				CLANG_WARN_SUSPICIOUS_MOVE = YES;
				CLANG_WARN_UNREACHABLE_CODE = YES;
				CLANG_WARN__DUPLICATE_METHOD_MATCH = YES;
				"CODE_SIGN_IDENTITY[sdk=iphoneos*]" = "iPhone Developer";
				COPY_PHASE_STRIP = NO;
				DEBUG_INFORMATION_FORMAT = "dwarf-with-dsym";
				ENABLE_NS_ASSERTIONS = NO;
				ENABLE_STRICT_OBJC_MSGSEND = YES;
				GCC_C_LANGUAGE_STANDARD = gnu99;
				GCC_NO_COMMON_BLOCKS = YES;
				GCC_WARN_64_TO_32_BIT_CONVERSION = YES;
				GCC_WARN_ABOUT_RETURN_TYPE = YES_ERROR;
				GCC_WARN_UNDECLARED_SELECTOR = YES;
				GCC_WARN_UNINITIALIZED_AUTOS = YES_AGGRESSIVE;
				GCC_WARN_UNUSED_FUNCTION = YES;
				GCC_WARN_UNUSED_VARIABLE = YES;
				IPHONEOS_DEPLOYMENT_TARGET = 10.3;
				MTL_ENABLE_DEBUG_INFO = NO;
				SDKROOT = iphoneos;
				SWIFT_OPTIMIZATION_LEVEL = "-Owholemodule";
				TARGETED_DEVICE_FAMILY = "1,2";
				VALIDATE_PRODUCT = YES;
			};
			name = Release;
		};
		BFAA46DD1EB6861E0075F657 /* Debug */ = {
			isa = XCBuildConfiguration;
			baseConfigurationReference = C60A2D6E4EE66C1027576249 /* Pods-Yimek.debug.xcconfig */;
			buildSettings = {
				ASSETCATALOG_COMPILER_APPICON_NAME = AppIcon;
				DEVELOPMENT_TEAM = AYR49RPHLW;
				INFOPLIST_FILE = Yimek/Info.plist;
				LD_RUNPATH_SEARCH_PATHS = "$(inherited) @executable_path/Frameworks";
				PRODUCT_BUNDLE_IDENTIFIER = com.kamil.demirtas.Yimek;
				PRODUCT_NAME = "$(TARGET_NAME)";
				SWIFT_VERSION = 3.0;
			};
			name = Debug;
		};
		BFAA46DE1EB6861E0075F657 /* Release */ = {
			isa = XCBuildConfiguration;
			baseConfigurationReference = 42B24DCF5F5C01FB88E2C6DC /* Pods-Yimek.release.xcconfig */;
			buildSettings = {
				ASSETCATALOG_COMPILER_APPICON_NAME = AppIcon;
				DEVELOPMENT_TEAM = AYR49RPHLW;
				INFOPLIST_FILE = Yimek/Info.plist;
				LD_RUNPATH_SEARCH_PATHS = "$(inherited) @executable_path/Frameworks";
				PRODUCT_BUNDLE_IDENTIFIER = com.kamil.demirtas.Yimek;
				PRODUCT_NAME = "$(TARGET_NAME)";
				SWIFT_VERSION = 3.0;
			};
			name = Release;
		};
		BFAA46E01EB6861E0075F657 /* Debug */ = {
			isa = XCBuildConfiguration;
			buildSettings = {
				ALWAYS_EMBED_SWIFT_STANDARD_LIBRARIES = YES;
				BUNDLE_LOADER = "$(TEST_HOST)";
				DEVELOPMENT_TEAM = AYR49RPHLW;
				INFOPLIST_FILE = YimekTests/Info.plist;
				LD_RUNPATH_SEARCH_PATHS = "$(inherited) @executable_path/Frameworks @loader_path/Frameworks";
				PRODUCT_BUNDLE_IDENTIFIER = com.kamil.demirtas.YimekTests;
				PRODUCT_NAME = "$(TARGET_NAME)";
				SWIFT_VERSION = 3.0;
				TEST_HOST = "$(BUILT_PRODUCTS_DIR)/Yimek.app/Yimek";
			};
			name = Debug;
		};
		BFAA46E11EB6861E0075F657 /* Release */ = {
			isa = XCBuildConfiguration;
			buildSettings = {
				ALWAYS_EMBED_SWIFT_STANDARD_LIBRARIES = YES;
				BUNDLE_LOADER = "$(TEST_HOST)";
				DEVELOPMENT_TEAM = AYR49RPHLW;
				INFOPLIST_FILE = YimekTests/Info.plist;
				LD_RUNPATH_SEARCH_PATHS = "$(inherited) @executable_path/Frameworks @loader_path/Frameworks";
				PRODUCT_BUNDLE_IDENTIFIER = com.kamil.demirtas.YimekTests;
				PRODUCT_NAME = "$(TARGET_NAME)";
				SWIFT_VERSION = 3.0;
				TEST_HOST = "$(BUILT_PRODUCTS_DIR)/Yimek.app/Yimek";
			};
			name = Release;
		};
/* End XCBuildConfiguration section */

/* Begin XCConfigurationList section */
		BFAA46BA1EB6861E0075F657 /* Build configuration list for PBXProject "Yimek" */ = {
			isa = XCConfigurationList;
			buildConfigurations = (
				BFAA46DA1EB6861E0075F657 /* Debug */,
				BFAA46DB1EB6861E0075F657 /* Release */,
			);
			defaultConfigurationIsVisible = 0;
			defaultConfigurationName = Release;
		};
		BFAA46DC1EB6861E0075F657 /* Build configuration list for PBXNativeTarget "Yimek" */ = {
			isa = XCConfigurationList;
			buildConfigurations = (
				BFAA46DD1EB6861E0075F657 /* Debug */,
				BFAA46DE1EB6861E0075F657 /* Release */,
			);
			defaultConfigurationIsVisible = 0;
			defaultConfigurationName = Release;
		};
		BFAA46DF1EB6861E0075F657 /* Build configuration list for PBXNativeTarget "YimekTests" */ = {
			isa = XCConfigurationList;
			buildConfigurations = (
				BFAA46E01EB6861E0075F657 /* Debug */,
				BFAA46E11EB6861E0075F657 /* Release */,
			);
			defaultConfigurationIsVisible = 0;
			defaultConfigurationName = Release;
		};
/* End XCConfigurationList section */
	};
	rootObject = BFAA46B71EB6861E0075F657 /* Project object */;
}
